// !$*UTF8*$!
{
	archiveVersion = 1;
	classes = {
	};
	objectVersion = 46;
	objects = {

/* Begin PBXBuildFile section */
		3D5C807E73DF5AC6AA0ACB22 /* Pods_BookStore.framework in Frameworks */ = {isa = PBXBuildFile; fileRef = D0ED6A060FA5013CCCE13301 /* Pods_BookStore.framework */; };
		594737341F70689000962E98 /* BackEndServent.swift in Sources */ = {isa = PBXBuildFile; fileRef = 594737331F70689000962E98 /* BackEndServent.swift */; };
		594737361F706A2300962E98 /* CheckCredentialsModel.swift in Sources */ = {isa = PBXBuildFile; fileRef = 594737351F706A2300962E98 /* CheckCredentialsModel.swift */; };
		594737391F706AF300962E98 /* CheckCredentials_VM_View.swift in Sources */ = {isa = PBXBuildFile; fileRef = 594737381F706AF300962E98 /* CheckCredentials_VM_View.swift */; };
		5947373B1F706B9C00962E98 /* CheckCredentials_VM_Model.swift in Sources */ = {isa = PBXBuildFile; fileRef = 5947373A1F706B9C00962E98 /* CheckCredentials_VM_Model.swift */; };
		594737411F70B88600962E98 /* AllBooksModel.swift in Sources */ = {isa = PBXBuildFile; fileRef = 594737401F70B88600962E98 /* AllBooksModel.swift */; };
		59B386C91E90B506001D5590 /* ImageLoader.swift in Sources */ = {isa = PBXBuildFile; fileRef = 59B386C81E90B506001D5590 /* ImageLoader.swift */; };
		59B386CB1E90C6C1001D5590 /* bookImage.png in Resources */ = {isa = PBXBuildFile; fileRef = 59B386CA1E90C6C1001D5590 /* bookImage.png */; };
		59B4449A1F6F24D60081C685 /* Dynamic.swift in Sources */ = {isa = PBXBuildFile; fileRef = 59B444991F6F24D60081C685 /* Dynamic.swift */; };
		59B444A31F6F2D700081C685 /* BookData_VM_View.swift in Sources */ = {isa = PBXBuildFile; fileRef = 59B444A21F6F2D700081C685 /* BookData_VM_View.swift */; };
		59B444A51F6F2D9F0081C685 /* BookData_VM_Model.swift in Sources */ = {isa = PBXBuildFile; fileRef = 59B444A41F6F2D9F0081C685 /* BookData_VM_Model.swift */; };
		59B444A81F6F2F940081C685 /* NetworkManager.swift in Sources */ = {isa = PBXBuildFile; fileRef = 59B444A71F6F2F940081C685 /* NetworkManager.swift */; };
		59D170591E8F0A4E004BFD71 /* AppDelegate.swift in Sources */ = {isa = PBXBuildFile; fileRef = 59D170581E8F0A4E004BFD71 /* AppDelegate.swift */; };
		59D1705B1E8F0A4E004BFD71 /* loginView.swift in Sources */ = {isa = PBXBuildFile; fileRef = 59D1705A1E8F0A4E004BFD71 /* loginView.swift */; };
		59D1705E1E8F0A4E004BFD71 /* Main.storyboard in Resources */ = {isa = PBXBuildFile; fileRef = 59D1705C1E8F0A4E004BFD71 /* Main.storyboard */; };
		59D170601E8F0A4E004BFD71 /* Assets.xcassets in Resources */ = {isa = PBXBuildFile; fileRef = 59D1705F1E8F0A4E004BFD71 /* Assets.xcassets */; };
		59D170631E8F0A4E004BFD71 /* LaunchScreen.storyboard in Resources */ = {isa = PBXBuildFile; fileRef = 59D170611E8F0A4E004BFD71 /* LaunchScreen.storyboard */; };
		59D1706D1E8F1A14004BFD71 /* Reachability.swift in Sources */ = {isa = PBXBuildFile; fileRef = 59D1706C1E8F1A14004BFD71 /* Reachability.swift */; };
		59D1706F1E8F1CE9004BFD71 /* listOfBooksView.swift in Sources */ = {isa = PBXBuildFile; fileRef = 59D1706E1E8F1CE9004BFD71 /* listOfBooksView.swift */; };
		59D170711E8F1D2E004BFD71 /* detailsBookView.swift in Sources */ = {isa = PBXBuildFile; fileRef = 59D170701E8F1D2E004BFD71 /* detailsBookView.swift */; };
		59D3856F1E8F94DA00F78FC3 /* BookDataModel.swift in Sources */ = {isa = PBXBuildFile; fileRef = 59D3856E1E8F94DA00F78FC3 /* BookDataModel.swift */; };
		59D385721E8FA9BF00F78FC3 /* backImage.png in Resources */ = {isa = PBXBuildFile; fileRef = 59D385711E8FA9BF00F78FC3 /* backImage.png */; };
		59D6C6311E91FF1F00D810BE /* addImage.png in Resources */ = {isa = PBXBuildFile; fileRef = 59D6C6301E91FF1F00D810BE /* addImage.png */; };
		59D6C6331E92303600D810BE /* bookLaunchScreen.jpg in Resources */ = {isa = PBXBuildFile; fileRef = 59D6C6321E92303600D810BE /* bookLaunchScreen.jpg */; };
/* End PBXBuildFile section */

/* Begin PBXFileReference section */
		3529FA54DA5BE5F73AED1D0D /* Pods-BookStore.debug.xcconfig */ = {isa = PBXFileReference; includeInIndex = 1; lastKnownFileType = text.xcconfig; name = "Pods-BookStore.debug.xcconfig"; path = "Pods/Target Support Files/Pods-BookStore/Pods-BookStore.debug.xcconfig"; sourceTree = "<group>"; };
		498F6AA6524DE90F624EEBB5 /* Pods-BookStore.release.xcconfig */ = {isa = PBXFileReference; includeInIndex = 1; lastKnownFileType = text.xcconfig; name = "Pods-BookStore.release.xcconfig"; path = "Pods/Target Support Files/Pods-BookStore/Pods-BookStore.release.xcconfig"; sourceTree = "<group>"; };
		594737331F70689000962E98 /* BackEndServent.swift */ = {isa = PBXFileReference; fileEncoding = 4; lastKnownFileType = sourcecode.swift; path = BackEndServent.swift; sourceTree = "<group>"; };
		594737351F706A2300962E98 /* CheckCredentialsModel.swift */ = {isa = PBXFileReference; fileEncoding = 4; lastKnownFileType = sourcecode.swift; path = CheckCredentialsModel.swift; sourceTree = "<group>"; };
		594737381F706AF300962E98 /* CheckCredentials_VM_View.swift */ = {isa = PBXFileReference; fileEncoding = 4; lastKnownFileType = sourcecode.swift; path = CheckCredentials_VM_View.swift; sourceTree = "<group>"; };
		5947373A1F706B9C00962E98 /* CheckCredentials_VM_Model.swift */ = {isa = PBXFileReference; fileEncoding = 4; lastKnownFileType = sourcecode.swift; path = CheckCredentials_VM_Model.swift; sourceTree = "<group>"; };
		594737401F70B88600962E98 /* AllBooksModel.swift */ = {isa = PBXFileReference; fileEncoding = 4; lastKnownFileType = sourcecode.swift; path = AllBooksModel.swift; sourceTree = "<group>"; };
		59B386C81E90B506001D5590 /* ImageLoader.swift */ = {isa = PBXFileReference; fileEncoding = 4; lastKnownFileType = sourcecode.swift; path = ImageLoader.swift; sourceTree = "<group>"; };
		59B386CA1E90C6C1001D5590 /* bookImage.png */ = {isa = PBXFileReference; lastKnownFileType = image.png; path = bookImage.png; sourceTree = "<group>"; };
		59B444991F6F24D60081C685 /* Dynamic.swift */ = {isa = PBXFileReference; fileEncoding = 4; lastKnownFileType = sourcecode.swift; path = Dynamic.swift; sourceTree = "<group>"; };
		59B444A21F6F2D700081C685 /* BookData_VM_View.swift */ = {isa = PBXFileReference; fileEncoding = 4; lastKnownFileType = sourcecode.swift; path = BookData_VM_View.swift; sourceTree = "<group>"; };
		59B444A41F6F2D9F0081C685 /* BookData_VM_Model.swift */ = {isa = PBXFileReference; fileEncoding = 4; lastKnownFileType = sourcecode.swift; path = BookData_VM_Model.swift; sourceTree = "<group>"; };
		59B444A71F6F2F940081C685 /* NetworkManager.swift */ = {isa = PBXFileReference; fileEncoding = 4; lastKnownFileType = sourcecode.swift; path = NetworkManager.swift; sourceTree = "<group>"; };
		59D170551E8F0A4E004BFD71 /* BookStore.app */ = {isa = PBXFileReference; explicitFileType = wrapper.application; includeInIndex = 0; path = BookStore.app; sourceTree = BUILT_PRODUCTS_DIR; };
		59D170581E8F0A4E004BFD71 /* AppDelegate.swift */ = {isa = PBXFileReference; lastKnownFileType = sourcecode.swift; path = AppDelegate.swift; sourceTree = "<group>"; };
		59D1705A1E8F0A4E004BFD71 /* loginView.swift */ = {isa = PBXFileReference; lastKnownFileType = sourcecode.swift; path = loginView.swift; sourceTree = "<group>"; };
		59D1705D1E8F0A4E004BFD71 /* Base */ = {isa = PBXFileReference; lastKnownFileType = file.storyboard; name = Base; path = Base.lproj/Main.storyboard; sourceTree = "<group>"; };
		59D1705F1E8F0A4E004BFD71 /* Assets.xcassets */ = {isa = PBXFileReference; lastKnownFileType = folder.assetcatalog; path = Assets.xcassets; sourceTree = "<group>"; };
		59D170621E8F0A4E004BFD71 /* Base */ = {isa = PBXFileReference; lastKnownFileType = file.storyboard; name = Base; path = Base.lproj/LaunchScreen.storyboard; sourceTree = "<group>"; };
		59D170641E8F0A4E004BFD71 /* Info.plist */ = {isa = PBXFileReference; lastKnownFileType = text.plist.xml; path = Info.plist; sourceTree = "<group>"; };
		59D1706C1E8F1A14004BFD71 /* Reachability.swift */ = {isa = PBXFileReference; fileEncoding = 4; lastKnownFileType = sourcecode.swift; path = Reachability.swift; sourceTree = "<group>"; };
		59D1706E1E8F1CE9004BFD71 /* listOfBooksView.swift */ = {isa = PBXFileReference; fileEncoding = 4; lastKnownFileType = sourcecode.swift; path = listOfBooksView.swift; sourceTree = "<group>"; };
		59D170701E8F1D2E004BFD71 /* detailsBookView.swift */ = {isa = PBXFileReference; fileEncoding = 4; lastKnownFileType = sourcecode.swift; path = detailsBookView.swift; sourceTree = "<group>"; };
		59D3856E1E8F94DA00F78FC3 /* BookDataModel.swift */ = {isa = PBXFileReference; fileEncoding = 4; lastKnownFileType = sourcecode.swift; path = BookDataModel.swift; sourceTree = "<group>"; };
		59D385711E8FA9BF00F78FC3 /* backImage.png */ = {isa = PBXFileReference; lastKnownFileType = image.png; path = backImage.png; sourceTree = "<group>"; };
		59D6C6301E91FF1F00D810BE /* addImage.png */ = {isa = PBXFileReference; lastKnownFileType = image.png; path = addImage.png; sourceTree = "<group>"; };
		59D6C6321E92303600D810BE /* bookLaunchScreen.jpg */ = {isa = PBXFileReference; lastKnownFileType = image.jpeg; path = bookLaunchScreen.jpg; sourceTree = "<group>"; };
		D0ED6A060FA5013CCCE13301 /* Pods_BookStore.framework */ = {isa = PBXFileReference; explicitFileType = wrapper.framework; includeInIndex = 0; path = Pods_BookStore.framework; sourceTree = BUILT_PRODUCTS_DIR; };
/* End PBXFileReference section */

/* Begin PBXFrameworksBuildPhase section */
		59D170521E8F0A4D004BFD71 /* Frameworks */ = {
			isa = PBXFrameworksBuildPhase;
			buildActionMask = 2147483647;
			files = (
				3D5C807E73DF5AC6AA0ACB22 /* Pods_BookStore.framework in Frameworks */,
			);
			runOnlyForDeploymentPostprocessing = 0;
		};
/* End PBXFrameworksBuildPhase section */

/* Begin PBXGroup section */
		013ECCB5445C15F9C1796E6F /* Pods */ = {
			isa = PBXGroup;
			children = (
				3529FA54DA5BE5F73AED1D0D /* Pods-BookStore.debug.xcconfig */,
				498F6AA6524DE90F624EEBB5 /* Pods-BookStore.release.xcconfig */,
			);
			name = Pods;
			sourceTree = "<group>";
		};
		11CDA4DB9C7336D899B19D51 /* Frameworks */ = {
			isa = PBXGroup;
			children = (
				D0ED6A060FA5013CCCE13301 /* Pods_BookStore.framework */,
			);
			name = Frameworks;
			sourceTree = "<group>";
		};
		594737371F706AB300962E98 /* CheckCredentialsModel */ = {
			isa = PBXGroup;
			children = (
				594737381F706AF300962E98 /* CheckCredentials_VM_View.swift */,
				5947373A1F706B9C00962E98 /* CheckCredentials_VM_Model.swift */,
			);
			name = CheckCredentialsModel;
			sourceTree = "<group>";
		};
		59B444941F6F23430081C685 /* StoryBoard */ = {
			isa = PBXGroup;
			children = (
				59D1705C1E8F0A4E004BFD71 /* Main.storyboard */,
				59D170611E8F0A4E004BFD71 /* LaunchScreen.storyboard */,
			);
			name = StoryBoard;
			sourceTree = "<group>";
		};
		59B444951F6F23610081C685 /* ViewControllers */ = {
			isa = PBXGroup;
			children = (
				59D1705A1E8F0A4E004BFD71 /* loginView.swift */,
				59D1706E1E8F1CE9004BFD71 /* listOfBooksView.swift */,
				59D170701E8F1D2E004BFD71 /* detailsBookView.swift */,
			);
			name = ViewControllers;
			sourceTree = "<group>";
		};
		59B444961F6F237B0081C685 /* Delegate */ = {
			isa = PBXGroup;
			children = (
				59D170581E8F0A4E004BFD71 /* AppDelegate.swift */,
			);
			name = Delegate;
			sourceTree = "<group>";
		};
		59B444971F6F23860081C685 /* Plist */ = {
			isa = PBXGroup;
			children = (
				59D170641E8F0A4E004BFD71 /* Info.plist */,
			);
			name = Plist;
			sourceTree = "<group>";
		};
		59B444981F6F23970081C685 /* ViewModel */ = {
			isa = PBXGroup;
			children = (
				594737371F706AB300962E98 /* CheckCredentialsModel */,
				59B4449D1F6F28CE0081C685 /* BookViewModel */,
				59B444991F6F24D60081C685 /* Dynamic.swift */,
			);
			name = ViewModel;
			sourceTree = "<group>";
		};
		59B4449D1F6F28CE0081C685 /* BookViewModel */ = {
			isa = PBXGroup;
			children = (
				59B444A21F6F2D700081C685 /* BookData_VM_View.swift */,
				59B444A41F6F2D9F0081C685 /* BookData_VM_Model.swift */,
			);
			name = BookViewModel;
			sourceTree = "<group>";
		};
		59B444A61F6F2F730081C685 /* NetWorkLayer */ = {
			isa = PBXGroup;
			children = (
				59B444A71F6F2F940081C685 /* NetworkManager.swift */,
				594737331F70689000962E98 /* BackEndServent.swift */,
			);
			name = NetWorkLayer;
			sourceTree = "<group>";
		};
		59D1704C1E8F0A4D004BFD71 = {
			isa = PBXGroup;
			children = (
				59D170571E8F0A4E004BFD71 /* BookStore */,
				59D170561E8F0A4E004BFD71 /* Products */,
				013ECCB5445C15F9C1796E6F /* Pods */,
				11CDA4DB9C7336D899B19D51 /* Frameworks */,
			);
			sourceTree = "<group>";
		};
		59D170561E8F0A4E004BFD71 /* Products */ = {
			isa = PBXGroup;
			children = (
				59D170551E8F0A4E004BFD71 /* BookStore.app */,
			);
			name = Products;
			sourceTree = "<group>";
		};
		59D170571E8F0A4E004BFD71 /* BookStore */ = {
			isa = PBXGroup;
			children = (
				59B444A61F6F2F730081C685 /* NetWorkLayer */,
				59D3856D1E8F949000F78FC3 /* Model */,
				59D1706A1E8F19D9004BFD71 /* View */,
				59B444981F6F23970081C685 /* ViewModel */,
				59B444971F6F23860081C685 /* Plist */,
				59B444961F6F237B0081C685 /* Delegate */,
				59D385701E8FA9AA00F78FC3 /* Assets */,
				59D1706B1E8F19FA004BFD71 /* Helper */,
			);
			path = BookStore;
			sourceTree = "<group>";
		};
		59D1706A1E8F19D9004BFD71 /* View */ = {
			isa = PBXGroup;
			children = (
				59B444951F6F23610081C685 /* ViewControllers */,
				59B444941F6F23430081C685 /* StoryBoard */,
			);
			name = View;
			sourceTree = "<group>";
		};
		59D1706B1E8F19FA004BFD71 /* Helper */ = {
			isa = PBXGroup;
			children = (
				59D1706C1E8F1A14004BFD71 /* Reachability.swift */,
				59B386C81E90B506001D5590 /* ImageLoader.swift */,
			);
			name = Helper;
			sourceTree = "<group>";
		};
		59D3856D1E8F949000F78FC3 /* Model */ = {
			isa = PBXGroup;
			children = (
				59D3856E1E8F94DA00F78FC3 /* BookDataModel.swift */,
				594737351F706A2300962E98 /* CheckCredentialsModel.swift */,
				594737401F70B88600962E98 /* AllBooksModel.swift */,
			);
			name = Model;
			sourceTree = "<group>";
		};
		59D385701E8FA9AA00F78FC3 /* Assets */ = {
			isa = PBXGroup;
			children = (
				59D1705F1E8F0A4E004BFD71 /* Assets.xcassets */,
				59D6C6321E92303600D810BE /* bookLaunchScreen.jpg */,
				59D6C6301E91FF1F00D810BE /* addImage.png */,
				59B386CA1E90C6C1001D5590 /* bookImage.png */,
				59D385711E8FA9BF00F78FC3 /* backImage.png */,
			);
			name = Assets;
			sourceTree = "<group>";
		};
/* End PBXGroup section */

/* Begin PBXNativeTarget section */
		59D170541E8F0A4D004BFD71 /* BookStore */ = {
			isa = PBXNativeTarget;
			buildConfigurationList = 59D170671E8F0A4E004BFD71 /* Build configuration list for PBXNativeTarget "BookStore" */;
			buildPhases = (
				39699A0D017FC65B95689CB5 /* [CP] Check Pods Manifest.lock */,
				59D170511E8F0A4D004BFD71 /* Sources */,
				59D170521E8F0A4D004BFD71 /* Frameworks */,
				59D170531E8F0A4D004BFD71 /* Resources */,
				743CE5E2611239DF2790BAF7 /* [CP] Embed Pods Frameworks */,
				F47C271A89D3A35D936C1EC2 /* [CP] Copy Pods Resources */,
			);
			buildRules = (
			);
			dependencies = (
			);
			name = BookStore;
			productName = BookStore;
			productReference = 59D170551E8F0A4E004BFD71 /* BookStore.app */;
			productType = "com.apple.product-type.application";
		};
/* End PBXNativeTarget section */

/* Begin PBXProject section */
		59D1704D1E8F0A4D004BFD71 /* Project object */ = {
			isa = PBXProject;
			attributes = {
				LastSwiftUpdateCheck = 0820;
				LastUpgradeCheck = 0820;
				ORGANIZATIONNAME = "mohamed hassan";
				TargetAttributes = {
					59D170541E8F0A4D004BFD71 = {
						CreatedOnToolsVersion = 8.2.1;
						DevelopmentTeam = 29PJQQ6WB3;
						ProvisioningStyle = Automatic;
					};
				};
			};
			buildConfigurationList = 59D170501E8F0A4D004BFD71 /* Build configuration list for PBXProject "BookStore" */;
			compatibilityVersion = "Xcode 3.2";
			developmentRegion = English;
			hasScannedForEncodings = 0;
			knownRegions = (
				en,
				Base,
			);
			mainGroup = 59D1704C1E8F0A4D004BFD71;
			productRefGroup = 59D170561E8F0A4E004BFD71 /* Products */;
			projectDirPath = "";
			projectRoot = "";
			targets = (
				59D170541E8F0A4D004BFD71 /* BookStore */,
			);
		};
/* End PBXProject section */

/* Begin PBXResourcesBuildPhase section */
		59D170531E8F0A4D004BFD71 /* Resources */ = {
			isa = PBXResourcesBuildPhase;
			buildActionMask = 2147483647;
			files = (
				59D6C6311E91FF1F00D810BE /* addImage.png in Resources */,
				59D6C6331E92303600D810BE /* bookLaunchScreen.jpg in Resources */,
				59D385721E8FA9BF00F78FC3 /* backImage.png in Resources */,
				59D170631E8F0A4E004BFD71 /* LaunchScreen.storyboard in Resources */,
				59B386CB1E90C6C1001D5590 /* bookImage.png in Resources */,
				59D170601E8F0A4E004BFD71 /* Assets.xcassets in Resources */,
				59D1705E1E8F0A4E004BFD71 /* Main.storyboard in Resources */,
			);
			runOnlyForDeploymentPostprocessing = 0;
		};
/* End PBXResourcesBuildPhase section */

/* Begin PBXShellScriptBuildPhase section */
		39699A0D017FC65B95689CB5 /* [CP] Check Pods Manifest.lock */ = {
			isa = PBXShellScriptBuildPhase;
			buildActionMask = 2147483647;
			files = (
			);
			inputPaths = (
			);
			name = "[CP] Check Pods Manifest.lock";
			outputPaths = (
			);
			runOnlyForDeploymentPostprocessing = 0;
			shellPath = /bin/sh;
			shellScript = "diff \"${PODS_ROOT}/../Podfile.lock\" \"${PODS_ROOT}/Manifest.lock\" > /dev/null\nif [ $? != 0 ] ; then\n    # print error to STDERR\n    echo \"error: The sandbox is not in sync with the Podfile.lock. Run 'pod install' or update your CocoaPods installation.\" >&2\n    exit 1\nfi\n";
			showEnvVarsInLog = 0;
		};
		743CE5E2611239DF2790BAF7 /* [CP] Embed Pods Frameworks */ = {
			isa = PBXShellScriptBuildPhase;
			buildActionMask = 2147483647;
			files = (
			);
			inputPaths = (
			);
			name = "[CP] Embed Pods Frameworks";
			outputPaths = (
			);
			runOnlyForDeploymentPostprocessing = 0;
			shellPath = /bin/sh;
			shellScript = "\"${SRCROOT}/Pods/Target Support Files/Pods-BookStore/Pods-BookStore-frameworks.sh\"\n";
			showEnvVarsInLog = 0;
		};
		F47C271A89D3A35D936C1EC2 /* [CP] Copy Pods Resources */ = {
			isa = PBXShellScriptBuildPhase;
			buildActionMask = 2147483647;
			files = (
			);
			inputPaths = (
			);
			name = "[CP] Copy Pods Resources";
			outputPaths = (
			);
			runOnlyForDeploymentPostprocessing = 0;
			shellPath = /bin/sh;
			shellScript = "\"${SRCROOT}/Pods/Target Support Files/Pods-BookStore/Pods-BookStore-resources.sh\"\n";
			showEnvVarsInLog = 0;
		};
/* End PBXShellScriptBuildPhase section */

/* Begin PBXSourcesBuildPhase section */
		59D170511E8F0A4D004BFD71 /* Sources */ = {
			isa = PBXSourcesBuildPhase;
			buildActionMask = 2147483647;
			files = (
				594737341F70689000962E98 /* BackEndServent.swift in Sources */,
				59B386C91E90B506001D5590 /* ImageLoader.swift in Sources */,
				59D3856F1E8F94DA00F78FC3 /* BookDataModel.swift in Sources */,
				59B444A81F6F2F940081C685 /* NetworkManager.swift in Sources */,
				594737391F706AF300962E98 /* CheckCredentials_VM_View.swift in Sources */,
				59D1705B1E8F0A4E004BFD71 /* loginView.swift in Sources */,
				594737361F706A2300962E98 /* CheckCredentialsModel.swift in Sources */,
				5947373B1F706B9C00962E98 /* CheckCredentials_VM_Model.swift in Sources */,
				594737411F70B88600962E98 /* AllBooksModel.swift in Sources */,
				59B444A31F6F2D700081C685 /* BookData_VM_View.swift in Sources */,
				59D170591E8F0A4E004BFD71 /* AppDelegate.swift in Sources */,
				59D170711E8F1D2E004BFD71 /* detailsBookView.swift in Sources */,
				59B4449A1F6F24D60081C685 /* Dynamic.swift in Sources */,
				59B444A51F6F2D9F0081C685 /* BookData_VM_Model.swift in Sources */,
				59D1706F1E8F1CE9004BFD71 /* listOfBooksView.swift in Sources */,
				59D1706D1E8F1A14004BFD71 /* Reachability.swift in Sources */,
			);
			runOnlyForDeploymentPostprocessing = 0;
		};
/* End PBXSourcesBuildPhase section */

/* Begin PBXVariantGroup section */
		59D1705C1E8F0A4E004BFD71 /* Main.storyboard */ = {
			isa = PBXVariantGroup;
			children = (
				59D1705D1E8F0A4E004BFD71 /* Base */,
			);
			name = Main.storyboard;
			sourceTree = "<group>";
		};
		59D170611E8F0A4E004BFD71 /* LaunchScreen.storyboard */ = {
			isa = PBXVariantGroup;
			children = (
				59D170621E8F0A4E004BFD71 /* Base */,
			);
			name = LaunchScreen.storyboard;
			sourceTree = "<group>";
		};
/* End PBXVariantGroup section */

/* Begin XCBuildConfiguration section */
		59D170651E8F0A4E004BFD71 /* Debug */ = {
			isa = XCBuildConfiguration;
			buildSettings = {
				ALWAYS_SEARCH_USER_PATHS = NO;
				CLANG_ANALYZER_NONNULL = YES;
				CLANG_CXX_LANGUAGE_STANDARD = "gnu++0x";
				CLANG_CXX_LIBRARY = "libc++";
				CLANG_ENABLE_MODULES = YES;
				CLANG_ENABLE_OBJC_ARC = YES;
				CLANG_WARN_BOOL_CONVERSION = YES;
				CLANG_WARN_CONSTANT_CONVERSION = YES;
				CLANG_WARN_DIRECT_OBJC_ISA_USAGE = YES_ERROR;
				CLANG_WARN_DOCUMENTATION_COMMENTS = YES;
				CLANG_WARN_EMPTY_BODY = YES;
				CLANG_WARN_ENUM_CONVERSION = YES;
				CLANG_WARN_INFINITE_RECURSION = YES;
				CLANG_WARN_INT_CONVERSION = YES;
				CLANG_WARN_OBJC_ROOT_CLASS = YES_ERROR;
				CLANG_WARN_SUSPICIOUS_MOVE = YES;
				CLANG_WARN_UNREACHABLE_CODE = YES;
				CLANG_WARN__DUPLICATE_METHOD_MATCH = YES;
				"CODE_SIGN_IDENTITY[sdk=iphoneos*]" = "iPhone Developer";
				COPY_PHASE_STRIP = NO;
				DEBUG_INFORMATION_FORMAT = dwarf;
				ENABLE_STRICT_OBJC_MSGSEND = YES;
				ENABLE_TESTABILITY = YES;
				GCC_C_LANGUAGE_STANDARD = gnu99;
				GCC_DYNAMIC_NO_PIC = NO;
				GCC_NO_COMMON_BLOCKS = YES;
				GCC_OPTIMIZATION_LEVEL = 0;
				GCC_PREPROCESSOR_DEFINITIONS = (
					"DEBUG=1",
					"$(inherited)",
				);
				GCC_WARN_64_TO_32_BIT_CONVERSION = YES;
				GCC_WARN_ABOUT_RETURN_TYPE = YES_ERROR;
				GCC_WARN_UNDECLARED_SELECTOR = YES;
				GCC_WARN_UNINITIALIZED_AUTOS = YES_AGGRESSIVE;
				GCC_WARN_UNUSED_FUNCTION = YES;
				GCC_WARN_UNUSED_VARIABLE = YES;
				IPHONEOS_DEPLOYMENT_TARGET = 10.2;
				MTL_ENABLE_DEBUG_INFO = YES;
				ONLY_ACTIVE_ARCH = YES;
				SDKROOT = iphoneos;
				SWIFT_ACTIVE_COMPILATION_CONDITIONS = DEBUG;
				SWIFT_OPTIMIZATION_LEVEL = "-Onone";
			};
			name = Debug;
		};
		59D170661E8F0A4E004BFD71 /* Release */ = {
			isa = XCBuildConfiguration;
			buildSettings = {
				ALWAYS_SEARCH_USER_PATHS = NO;
				CLANG_ANALYZER_NONNULL = YES;
				CLANG_CXX_LANGUAGE_STANDARD = "gnu++0x";
				CLANG_CXX_LIBRARY = "libc++";
				CLANG_ENABLE_MODULES = YES;
				CLANG_ENABLE_OBJC_ARC = YES;
				CLANG_WARN_BOOL_CONVERSION = YES;
				CLANG_WARN_CONSTANT_CONVERSION = YES;
				CLANG_WARN_DIRECT_OBJC_ISA_USAGE = YES_ERROR;
				CLANG_WARN_DOCUMENTATION_COMMENTS = YES;
				CLANG_WARN_EMPTY_BODY = YES;
				CLANG_WARN_ENUM_CONVERSION = YES;
				CLANG_WARN_INFINITE_RECURSION = YES;
				CLANG_WARN_INT_CONVERSION = YES;
				CLANG_WARN_OBJC_ROOT_CLASS = YES_ERROR;
				CLANG_WARN_SUSPICIOUS_MOVE = YES;
				CLANG_WARN_UNREACHABLE_CODE = YES;
				CLANG_WARN__DUPLICATE_METHOD_MATCH = YES;
				"CODE_SIGN_IDENTITY[sdk=iphoneos*]" = "iPhone Developer";
				COPY_PHASE_STRIP = NO;
				DEBUG_INFORMATION_FORMAT = "dwarf-with-dsym";
				ENABLE_NS_ASSERTIONS = NO;
				ENABLE_STRICT_OBJC_MSGSEND = YES;
				GCC_C_LANGUAGE_STANDARD = gnu99;
				GCC_NO_COMMON_BLOCKS = YES;
				GCC_WARN_64_TO_32_BIT_CONVERSION = YES;
				GCC_WARN_ABOUT_RETURN_TYPE = YES_ERROR;
				GCC_WARN_UNDECLARED_SELECTOR = YES;
				GCC_WARN_UNINITIALIZED_AUTOS = YES_AGGRESSIVE;
				GCC_WARN_UNUSED_FUNCTION = YES;
				GCC_WARN_UNUSED_VARIABLE = YES;
				IPHONEOS_DEPLOYMENT_TARGET = 10.2;
				MTL_ENABLE_DEBUG_INFO = NO;
				SDKROOT = iphoneos;
				SWIFT_OPTIMIZATION_LEVEL = "-Owholemodule";
				VALIDATE_PRODUCT = YES;
			};
			name = Release;
		};
		59D170681E8F0A4E004BFD71 /* Debug */ = {
			isa = XCBuildConfiguration;
			baseConfigurationReference = 3529FA54DA5BE5F73AED1D0D /* Pods-BookStore.debug.xcconfig */;
			buildSettings = {
				ASSETCATALOG_COMPILER_APPICON_NAME = AppIcon;
				DEVELOPMENT_TEAM = 29PJQQ6WB3;
				INFOPLIST_FILE = BookStore/Info.plist;
				IPHONEOS_DEPLOYMENT_TARGET = 8.0;
				LD_RUNPATH_SEARCH_PATHS = "$(inherited) @executable_path/Frameworks";
				PRODUCT_BUNDLE_IDENTIFIER = com.elraed.BookStore;
				PRODUCT_NAME = "$(TARGET_NAME)";
				SWIFT_VERSION = 3.0;
				TARGETED_DEVICE_FAMILY = "1,2";
			};
			name = Debug;
		};
		59D170691E8F0A4E004BFD71 /* Release */ = {
			isa = XCBuildConfiguration;
			baseConfigurationReference = 498F6AA6524DE90F624EEBB5 /* Pods-BookStore.release.xcconfig */;
			buildSettings = {
				ASSETCATALOG_COMPILER_APPICON_NAME = AppIcon;
				DEVELOPMENT_TEAM = 29PJQQ6WB3;
				INFOPLIST_FILE = BookStore/Info.plist;
				IPHONEOS_DEPLOYMENT_TARGET = 8.0;
				LD_RUNPATH_SEARCH_PATHS = "$(inherited) @executable_path/Frameworks";
				PRODUCT_BUNDLE_IDENTIFIER = com.elraed.BookStore;
				PRODUCT_NAME = "$(TARGET_NAME)";
				SWIFT_VERSION = 3.0;
				TARGETED_DEVICE_FAMILY = "1,2";
			};
			name = Release;
		};
/* End XCBuildConfiguration section */

/* Begin XCConfigurationList section */
		59D170501E8F0A4D004BFD71 /* Build configuration list for PBXProject "BookStore" */ = {
			isa = XCConfigurationList;
			buildConfigurations = (
				59D170651E8F0A4E004BFD71 /* Debug */,
				59D170661E8F0A4E004BFD71 /* Release */,
			);
			defaultConfigurationIsVisible = 0;
			defaultConfigurationName = Release;
		};
		59D170671E8F0A4E004BFD71 /* Build configuration list for PBXNativeTarget "BookStore" */ = {
			isa = XCConfigurationList;
			buildConfigurations = (
				59D170681E8F0A4E004BFD71 /* Debug */,
				59D170691E8F0A4E004BFD71 /* Release */,
			);
			defaultConfigurationIsVisible = 0;
			defaultConfigurationName = Release;
		};
/* End XCConfigurationList section */
	};
	rootObject = 59D1704D1E8F0A4D004BFD71 /* Project object */;
}
